lockfileVersion: 5.3

specifiers:
  dotenv: ^14.3.2
  minimist: ^1.2.5

dependencies:
  dotenv: 14.3.2
  minimist: 1.2.5

packages:

  /dotenv/14.3.2:
    resolution: {integrity: sha512-vwEppIphpFdvaMCaHfCEv9IgwcxMljMw2TnAQBB4VWPvzXQLTb82jwmdOKzlEVUL3gNFT4l4TPKO+Bn+sqcrVQ==}
    engines: {node: '>=12'}
    dev: false

  /minimist/1.2.5:
    resolution: {integrity: sha512-FM9nNUYrRBAELZQT3xeZQ7fmMOBg6nWNmJKTcgsJeaLstP/UODVpGsr5OhXhhXg6f+qtJ8uiZ+PUxkDWcgIXLw==}
    dev: false
